// !$*UTF8*$!
{
	archiveVersion = 1;
	classes = {
	};
	objectVersion = 56;
	objects = {

/* Begin PBXBuildFile section */
		931F1F212C4FE49600E5A10A /* WeatherHourlyForecastApp.swift in Sources */ = {isa = PBXBuildFile; fileRef = 931F1F202C4FE49600E5A10A /* WeatherHourlyForecastApp.swift */; };
		931F1F232C4FE49600E5A10A /* ContentView.swift in Sources */ = {isa = PBXBuildFile; fileRef = 931F1F222C4FE49600E5A10A /* ContentView.swift */; };
		931F1F252C4FE49800E5A10A /* Assets.xcassets in Resources */ = {isa = PBXBuildFile; fileRef = 931F1F242C4FE49800E5A10A /* Assets.xcassets */; };
		931F1F282C4FE49800E5A10A /* Preview Assets.xcassets in Resources */ = {isa = PBXBuildFile; fileRef = 931F1F272C4FE49800E5A10A /* Preview Assets.xcassets */; };
		931F1F302C4FE90700E5A10A /* WeatherManager.swift in Sources */ = {isa = PBXBuildFile; fileRef = 931F1F2F2C4FE90700E5A10A /* WeatherManager.swift */; };
		931F1F322C4FEA7000E5A10A /* HoursDetails.swift in Sources */ = {isa = PBXBuildFile; fileRef = 931F1F312C4FEA7000E5A10A /* HoursDetails.swift */; };
		934D88512C500246006FF663 /* LocationManager.swift in Sources */ = {isa = PBXBuildFile; fileRef = 934D88502C500246006FF663 /* LocationManager.swift */; };
/* End PBXBuildFile section */

/* Begin PBXFileReference section */
		931F1F1D2C4FE49600E5A10A /* WeatherHourlyForecast.app */ = {isa = PBXFileReference; explicitFileType = wrapper.application; includeInIndex = 0; path = WeatherHourlyForecast.app; sourceTree = BUILT_PRODUCTS_DIR; };
		931F1F202C4FE49600E5A10A /* WeatherHourlyForecastApp.swift */ = {isa = PBXFileReference; lastKnownFileType = sourcecode.swift; path = WeatherHourlyForecastApp.swift; sourceTree = "<group>"; };
		931F1F222C4FE49600E5A10A /* ContentView.swift */ = {isa = PBXFileReference; lastKnownFileType = sourcecode.swift; path = ContentView.swift; sourceTree = "<group>"; };
		931F1F242C4FE49800E5A10A /* Assets.xcassets */ = {isa = PBXFileReference; lastKnownFileType = folder.assetcatalog; path = Assets.xcassets; sourceTree = "<group>"; };
		931F1F272C4FE49800E5A10A /* Preview Assets.xcassets */ = {isa = PBXFileReference; lastKnownFileType = folder.assetcatalog; path = "Preview Assets.xcassets"; sourceTree = "<group>"; };
		931F1F2F2C4FE90700E5A10A /* WeatherManager.swift */ = {isa = PBXFileReference; lastKnownFileType = sourcecode.swift; path = WeatherManager.swift; sourceTree = "<group>"; };
		931F1F312C4FEA7000E5A10A /* HoursDetails.swift */ = {isa = PBXFileReference; lastKnownFileType = sourcecode.swift; path = HoursDetails.swift; sourceTree = "<group>"; };
		934D88502C500246006FF663 /* LocationManager.swift */ = {isa = PBXFileReference; lastKnownFileType = sourcecode.swift; path = LocationManager.swift; sourceTree = "<group>"; };
		93BC18A42C501B8B00DDEADC /* WeatherHourlyForecast.entitlements */ = {isa = PBXFileReference; lastKnownFileType = text.plist.entitlements; path = WeatherHourlyForecast.entitlements; sourceTree = "<group>"; };
/* End PBXFileReference section */

/* Begin PBXFrameworksBuildPhase section */
		931F1F1A2C4FE49600E5A10A /* Frameworks */ = {
			isa = PBXFrameworksBuildPhase;
			buildActionMask = 2147483647;
			files = (
			);
			runOnlyForDeploymentPostprocessing = 0;
		};
/* End PBXFrameworksBuildPhase section */

/* Begin PBXGroup section */
		931F1F142C4FE49600E5A10A = {
			isa = PBXGroup;
			children = (
				931F1F1F2C4FE49600E5A10A /* WeatherHourlyForecast */,
				931F1F1E2C4FE49600E5A10A /* Products */,
			);
			sourceTree = "<group>";
		};
		931F1F1E2C4FE49600E5A10A /* Products */ = {
			isa = PBXGroup;
			children = (
				931F1F1D2C4FE49600E5A10A /* WeatherHourlyForecast.app */,
			);
			name = Products;
			sourceTree = "<group>";
		};
		931F1F1F2C4FE49600E5A10A /* WeatherHourlyForecast */ = {
			isa = PBXGroup;
			children = (
				93BC18A42C501B8B00DDEADC /* WeatherHourlyForecast.entitlements */,
				931F1F202C4FE49600E5A10A /* WeatherHourlyForecastApp.swift */,
				931F1F222C4FE49600E5A10A /* ContentView.swift */,
				931F1F2F2C4FE90700E5A10A /* WeatherManager.swift */,
				931F1F312C4FEA7000E5A10A /* HoursDetails.swift */,
				934D88502C500246006FF663 /* LocationManager.swift */,
				931F1F242C4FE49800E5A10A /* Assets.xcassets */,
				931F1F262C4FE49800E5A10A /* Preview Content */,
			);
			path = WeatherHourlyForecast;
			sourceTree = "<group>";
		};
		931F1F262C4FE49800E5A10A /* Preview Content */ = {
			isa = PBXGroup;
			children = (
				931F1F272C4FE49800E5A10A /* Preview Assets.xcassets */,
			);
			path = "Preview Content";
			sourceTree = "<group>";
		};
/* End PBXGroup section */

/* Begin PBXNativeTarget section */
		931F1F1C2C4FE49600E5A10A /* WeatherHourlyForecast */ = {
			isa = PBXNativeTarget;
			buildConfigurationList = 931F1F2B2C4FE49800E5A10A /* Build configuration list for PBXNativeTarget "WeatherHourlyForecast" */;
			buildPhases = (
				931F1F192C4FE49600E5A10A /* Sources */,
				931F1F1A2C4FE49600E5A10A /* Frameworks */,
				931F1F1B2C4FE49600E5A10A /* Resources */,
			);
			buildRules = (
			);
			dependencies = (
			);
			name = WeatherHourlyForecast;
			productName = WeatherHourlyForecast;
			productReference = 931F1F1D2C4FE49600E5A10A /* WeatherHourlyForecast.app */;
			productType = "com.apple.product-type.application";
		};
/* End PBXNativeTarget section */

/* Begin PBXProject section */
		931F1F152C4FE49600E5A10A /* Project object */ = {
			isa = PBXProject;
			attributes = {
				BuildIndependentTargetsInParallel = 1;
				LastSwiftUpdateCheck = 1540;
				LastUpgradeCheck = 1540;
				TargetAttributes = {
					931F1F1C2C4FE49600E5A10A = {
						CreatedOnToolsVersion = 15.4;
					};
				};
			};
			buildConfigurationList = 931F1F182C4FE49600E5A10A /* Build configuration list for PBXProject "WeatherHourlyForecast" */;
			compatibilityVersion = "Xcode 14.0";
			developmentRegion = en;
			hasScannedForEncodings = 0;
			knownRegions = (
				en,
				Base,
			);
			mainGroup = 931F1F142C4FE49600E5A10A;
			productRefGroup = 931F1F1E2C4FE49600E5A10A /* Products */;
			projectDirPath = "";
			projectRoot = "";
			targets = (
				931F1F1C2C4FE49600E5A10A /* WeatherHourlyForecast */,
			);
		};
/* End PBXProject section */

/* Begin PBXResourcesBuildPhase section */
		931F1F1B2C4FE49600E5A10A /* Resources */ = {
			isa = PBXResourcesBuildPhase;
			buildActionMask = 2147483647;
			files = (
				931F1F282C4FE49800E5A10A /* Preview Assets.xcassets in Resources */,
				931F1F252C4FE49800E5A10A /* Assets.xcassets in Resources */,
			);
			runOnlyForDeploymentPostprocessing = 0;
		};
/* End PBXResourcesBuildPhase section */

/* Begin PBXSourcesBuildPhase section */
		931F1F192C4FE49600E5A10A /* Sources */ = {
			isa = PBXSourcesBuildPhase;
			buildActionMask = 2147483647;
			files = (
				931F1F322C4FEA7000E5A10A /* HoursDetails.swift in Sources */,
				931F1F302C4FE90700E5A10A /* WeatherManager.swift in Sources */,
				934D88512C500246006FF663 /* LocationManager.swift in Sources */,
				931F1F232C4FE49600E5A10A /* ContentView.swift in Sources */,
				931F1F212C4FE49600E5A10A /* WeatherHourlyForecastApp.swift in Sources */,
			);
			runOnlyForDeploymentPostprocessing = 0;
		};
/* End PBXSourcesBuildPhase section */

/* Begin XCBuildConfiguration section */
		931F1F292C4FE49800E5A10A /* Debug */ = {
			isa = XCBuildConfiguration;
			buildSettings = {
				ALWAYS_SEARCH_USER_PATHS = NO;
				ASSETCATALOG_COMPILER_GENERATE_SWIFT_ASSET_SYMBOL_EXTENSIONS = YES;
				CLANG_ANALYZER_NONNULL = YES;
				CLANG_ANALYZER_NUMBER_OBJECT_CONVERSION = YES_AGGRESSIVE;
				CLANG_CXX_LANGUAGE_STANDARD = "gnu++20";
				CLANG_ENABLE_MODULES = YES;
				CLANG_ENABLE_OBJC_ARC = YES;
				CLANG_ENABLE_OBJC_WEAK = YES;
				CLANG_WARN_BLOCK_CAPTURE_AUTORELEASING = YES;
				CLANG_WARN_BOOL_CONVERSION = YES;
				CLANG_WARN_COMMA = YES;
				CLANG_WARN_CONSTANT_CONVERSION = YES;
				CLANG_WARN_DEPRECATED_OBJC_IMPLEMENTATIONS = YES;
				CLANG_WARN_DIRECT_OBJC_ISA_USAGE = YES_ERROR;
				CLANG_WARN_DOCUMENTATION_COMMENTS = YES;
				CLANG_WARN_EMPTY_BODY = YES;
				CLANG_WARN_ENUM_CONVERSION = YES;
				CLANG_WARN_INFINITE_RECURSION = YES;
				CLANG_WARN_INT_CONVERSION = YES;
				CLANG_WARN_NON_LITERAL_NULL_CONVERSION = YES;
				CLANG_WARN_OBJC_IMPLICIT_RETAIN_SELF = YES;
				CLANG_WARN_OBJC_LITERAL_CONVERSION = YES;
				CLANG_WARN_OBJC_ROOT_CLASS = YES_ERROR;
				CLANG_WARN_QUOTED_INCLUDE_IN_FRAMEWORK_HEADER = YES;
				CLANG_WARN_RANGE_LOOP_ANALYSIS = YES;
				CLANG_WARN_STRICT_PROTOTYPES = YES;
				CLANG_WARN_SUSPICIOUS_MOVE = YES;
				CLANG_WARN_UNGUARDED_AVAILABILITY = YES_AGGRESSIVE;
				CLANG_WARN_UNREACHABLE_CODE = YES;
				CLANG_WARN__DUPLICATE_METHOD_MATCH = YES;
				COPY_PHASE_STRIP = NO;
				DEBUG_INFORMATION_FORMAT = dwarf;
				ENABLE_STRICT_OBJC_MSGSEND = YES;
				ENABLE_TESTABILITY = YES;
				ENABLE_USER_SCRIPT_SANDBOXING = YES;
				GCC_C_LANGUAGE_STANDARD = gnu17;
				GCC_DYNAMIC_NO_PIC = NO;
				GCC_NO_COMMON_BLOCKS = YES;
				GCC_OPTIMIZATION_LEVEL = 0;
				GCC_PREPROCESSOR_DEFINITIONS = (
					"DEBUG=1",
					"$(inherited)",
				);
				GCC_WARN_64_TO_32_BIT_CONVERSION = YES;
				GCC_WARN_ABOUT_RETURN_TYPE = YES_ERROR;
				GCC_WARN_UNDECLARED_SELECTOR = YES;
				GCC_WARN_UNINITIALIZED_AUTOS = YES_AGGRESSIVE;
				GCC_WARN_UNUSED_FUNCTION = YES;
				GCC_WARN_UNUSED_VARIABLE = YES;
				IPHONEOS_DEPLOYMENT_TARGET = 17.5;
				LOCALIZATION_PREFERS_STRING_CATALOGS = YES;
				MTL_ENABLE_DEBUG_INFO = INCLUDE_SOURCE;
				MTL_FAST_MATH = YES;
				ONLY_ACTIVE_ARCH = YES;
				SDKROOT = iphoneos;
				SWIFT_ACTIVE_COMPILATION_CONDITIONS = "DEBUG $(inherited)";
				SWIFT_OPTIMIZATION_LEVEL = "-Onone";
			};
			name = Debug;
		};
		931F1F2A2C4FE49800E5A10A /* Release */ = {
			isa = XCBuildConfiguration;
			buildSettings = {
				ALWAYS_SEARCH_USER_PATHS = NO;
				ASSETCATALOG_COMPILER_GENERATE_SWIFT_ASSET_SYMBOL_EXTENSIONS = YES;
				CLANG_ANALYZER_NONNULL = YES;
				CLANG_ANALYZER_NUMBER_OBJECT_CONVERSION = YES_AGGRESSIVE;
				CLANG_CXX_LANGUAGE_STANDARD = "gnu++20";
				CLANG_ENABLE_MODULES = YES;
				CLANG_ENABLE_OBJC_ARC = YES;
				CLANG_ENABLE_OBJC_WEAK = YES;
				CLANG_WARN_BLOCK_CAPTURE_AUTORELEASING = YES;
				CLANG_WARN_BOOL_CONVERSION = YES;
				CLANG_WARN_COMMA = YES;
				CLANG_WARN_CONSTANT_CONVERSION = YES;
				CLANG_WARN_DEPRECATED_OBJC_IMPLEMENTATIONS = YES;
				CLANG_WARN_DIRECT_OBJC_ISA_USAGE = YES_ERROR;
				CLANG_WARN_DOCUMENTATION_COMMENTS = YES;
				CLANG_WARN_EMPTY_BODY = YES;
				CLANG_WARN_ENUM_CONVERSION = YES;
				CLANG_WARN_INFINITE_RECURSION = YES;
				CLANG_WARN_INT_CONVERSION = YES;
				CLANG_WARN_NON_LITERAL_NULL_CONVERSION = YES;
				CLANG_WARN_OBJC_IMPLICIT_RETAIN_SELF = YES;
				CLANG_WARN_OBJC_LITERAL_CONVERSION = YES;
				CLANG_WARN_OBJC_ROOT_CLASS = YES_ERROR;
				CLANG_WARN_QUOTED_INCLUDE_IN_FRAMEWORK_HEADER = YES;
				CLANG_WARN_RANGE_LOOP_ANALYSIS = YES;
				CLANG_WARN_STRICT_PROTOTYPES = YES;
				CLANG_WARN_SUSPICIOUS_MOVE = YES;
				CLANG_WARN_UNGUARDED_AVAILABILITY = YES_AGGRESSIVE;
				CLANG_WARN_UNREACHABLE_CODE = YES;
				CLANG_WARN__DUPLICATE_METHOD_MATCH = YES;
				COPY_PHASE_STRIP = NO;
				DEBUG_INFORMATION_FORMAT = "dwarf-with-dsym";
				ENABLE_NS_ASSERTIONS = NO;
				ENABLE_STRICT_OBJC_MSGSEND = YES;
				ENABLE_USER_SCRIPT_SANDBOXING = YES;
				GCC_C_LANGUAGE_STANDARD = gnu17;
				GCC_NO_COMMON_BLOCKS = YES;
				GCC_WARN_64_TO_32_BIT_CONVERSION = YES;
				GCC_WARN_ABOUT_RETURN_TYPE = YES_ERROR;
				GCC_WARN_UNDECLARED_SELECTOR = YES;
				GCC_WARN_UNINITIALIZED_AUTOS = YES_AGGRESSIVE;
				GCC_WARN_UNUSED_FUNCTION = YES;
				GCC_WARN_UNUSED_VARIABLE = YES;
				IPHONEOS_DEPLOYMENT_TARGET = 17.5;
				LOCALIZATION_PREFERS_STRING_CATALOGS = YES;
				MTL_ENABLE_DEBUG_INFO = NO;
				MTL_FAST_MATH = YES;
				SDKROOT = iphoneos;
				SWIFT_COMPILATION_MODE = wholemodule;
				VALIDATE_PRODUCT = YES;
			};
			name = Release;
		};
		931F1F2C2C4FE49800E5A10A /* Debug */ = {
			isa = XCBuildConfiguration;
			buildSettings = {
				ASSETCATALOG_COMPILER_APPICON_NAME = AppIcon;
				ASSETCATALOG_COMPILER_GLOBAL_ACCENT_COLOR_NAME = AccentColor;
				CODE_SIGN_ENTITLEMENTS = WeatherHourlyForecast/WeatherHourlyForecast.entitlements;
				CODE_SIGN_STYLE = Automatic;
				CURRENT_PROJECT_VERSION = 1;
				DEVELOPMENT_ASSET_PATHS = "\"WeatherHourlyForecast/Preview Content\"";
				DEVELOPMENT_TEAM = 2U62MM8G6X;
				ENABLE_PREVIEWS = YES;
				GENERATE_INFOPLIST_FILE = YES;
				INFOPLIST_KEY_NSLocationWhenInUseUsageDescription = "To get user location";
				INFOPLIST_KEY_UIApplicationSceneManifest_Generation = YES;
				INFOPLIST_KEY_UIApplicationSupportsIndirectInputEvents = YES;
				INFOPLIST_KEY_UILaunchScreen_Generation = YES;
				INFOPLIST_KEY_UISupportedInterfaceOrientations_iPad = "UIInterfaceOrientationPortrait UIInterfaceOrientationPortraitUpsideDown UIInterfaceOrientationLandscapeLeft UIInterfaceOrientationLandscapeRight";
				INFOPLIST_KEY_UISupportedInterfaceOrientations_iPhone = "UIInterfaceOrientationPortrait UIInterfaceOrientationLandscapeLeft UIInterfaceOrientationLandscapeRight";
				LD_RUNPATH_SEARCH_PATHS = (
					"$(inherited)",
					"@executable_path/Frameworks",
				);
				MARKETING_VERSION = 1.0;
				PRODUCT_BUNDLE_IDENTIFIER = com.BryanV.WeatherHourlyForecast;
				PRODUCT_NAME = "$(TARGET_NAME)";
				SWIFT_EMIT_LOC_STRINGS = YES;
				SWIFT_VERSION = 5.0;
				TARGETED_DEVICE_FAMILY = "1,2";
			};
			name = Debug;
		};
		931F1F2D2C4FE49800E5A10A /* Release */ = {
			isa = XCBuildConfiguration;
			buildSettings = {
				ASSETCATALOG_COMPILER_APPICON_NAME = AppIcon;
				ASSETCATALOG_COMPILER_GLOBAL_ACCENT_COLOR_NAME = AccentColor;
				CODE_SIGN_ENTITLEMENTS = WeatherHourlyForecast/WeatherHourlyForecast.entitlements;
				CODE_SIGN_STYLE = Automatic;
				CURRENT_PROJECT_VERSION = 1;
				DEVELOPMENT_ASSET_PATHS = "\"WeatherHourlyForecast/Preview Content\"";
				DEVELOPMENT_TEAM = 2U62MM8G6X;
				ENABLE_PREVIEWS = YES;
				GENERATE_INFOPLIST_FILE = YES;
				INFOPLIST_KEY_NSLocationWhenInUseUsageDescription = "To get user location";
				INFOPLIST_KEY_UIApplicationSceneManifest_Generation = YES;
				INFOPLIST_KEY_UIApplicationSupportsIndirectInputEvents = YES;
				INFOPLIST_KEY_UILaunchScreen_Generation = YES;
				INFOPLIST_KEY_UISupportedInterfaceOrientations_iPad = "UIInterfaceOrientationPortrait UIInterfaceOrientationPortraitUpsideDown UIInterfaceOrientationLandscapeLeft UIInterfaceOrientationLandscapeRight";
				INFOPLIST_KEY_UISupportedInterfaceOrientations_iPhone = "UIInterfaceOrientationPortrait UIInterfaceOrientationLandscapeLeft UIInterfaceOrientationLandscapeRight";
				LD_RUNPATH_SEARCH_PATHS = (
					"$(inherited)",
					"@executable_path/Frameworks",
				);
				MARKETING_VERSION = 1.0;
				PRODUCT_BUNDLE_IDENTIFIER = com.BryanV.WeatherHourlyForecast;
				PRODUCT_NAME = "$(TARGET_NAME)";
				SWIFT_EMIT_LOC_STRINGS = YES;
				SWIFT_VERSION = 5.0;
				TARGETED_DEVICE_FAMILY = "1,2";
			};
			name = Release;
		};
/* End XCBuildConfiguration section */

/* Begin XCConfigurationList section */
		931F1F182C4FE49600E5A10A /* Build configuration list for PBXProject "WeatherHourlyForecast" */ = {
			isa = XCConfigurationList;
			buildConfigurations = (
				931F1F292C4FE49800E5A10A /* Debug */,
				931F1F2A2C4FE49800E5A10A /* Release */,
			);
			defaultConfigurationIsVisible = 0;
			defaultConfigurationName = Release;
		};
		931F1F2B2C4FE49800E5A10A /* Build configuration list for PBXNativeTarget "WeatherHourlyForecast" */ = {
			isa = XCConfigurationList;
			buildConfigurations = (
				931F1F2C2C4FE49800E5A10A /* Debug */,
				931F1F2D2C4FE49800E5A10A /* Release */,
			);
			defaultConfigurationIsVisible = 0;
			defaultConfigurationName = Release;
		};
/* End XCConfigurationList section */
	};
	rootObject = 931F1F152C4FE49600E5A10A /* Project object */;
}
